{
  "version": 1,
  "sourceHash": "78230c248613ddaa",
  "translations": {
    "zh": {
      "sourceHash": "78230c248613ddaa",
      "updated": "2026-02-25"
    },
    "es": {
      "sourceHash": "78230c248613ddaa",
      "updated": "2026-02-25"
    },
    "fr": {
      "sourceHash": "78230c248613ddaa",
      "updated": "2026-02-25"
    },
    "ja": {
      "sourceHash": "78230c248613ddaa",
      "updated": "2026-02-25"
    },
    "pt-BR": {
      "sourceHash": "78230c248613ddaa",
      "updated": "2026-02-25"
    },
    "it": {
      "sourceHash": "78230c248613ddaa",
      "updated": "2026-02-25"
    },
    "hi": {
      "sourceHash": "78230c248613ddaa",
      "updated": "2026-02-25"
    }
  }
}
